
Microsoft Visual Studio Solution File, Format Version 12.00
# Visual Studio Version 16
VisualStudioVersion = 25.0.1705.3
MinimumVisualStudioVersion = 10.0.40219.1
Project("{FAE04EC0-301F-11D3-BF4B-00C04F79EFBC}") = "TodoApi", "TodoApi\TodoApi.csproj", "{1BC34D5C-6B8D-4038-900E-0F3CD59BAE2E}"
EndProject
Global
	GlobalSection(SolutionConfigurationPlatforms) = preSolution
		Debug|Any CPU = Debug|Any CPU
		Release|Any CPU = Release|Any CPU
	EndGlobalSection
	GlobalSection(ProjectConfigurationPlatforms) = postSolution
		{1BC34D5C-6B8D-4038-900E-0F3CD59BAE2E}.Debug|Any CPU.ActiveCfg = Debug|Any CPU
		{1BC34D5C-6B8D-4038-900E-0F3CD59BAE2E}.Debug|Any CPU.Build.0 = Debug|Any CPU
		{1BC34D5C-6B8D-4038-900E-0F3CD59BAE2E}.Release|Any CPU.ActiveCfg = Release|Any CPU
		{1BC34D5C-6B8D-4038-900E-0F3CD59BAE2E}.Release|Any CPU.Build.0 = Release|Any CPU
	EndGlobalSection
	GlobalSection(SolutionProperties) = preSolution
		HideSolutionNode = FALSE
	EndGlobalSection
	GlobalSection(ExtensibilityGlobals) = postSolution
		SolutionGuid = {95408C2D-76BF-49C5-9E73-49FA07164FA3}
	EndGlobalSection
EndGlobal
